
Microsoft Visual Studio Solution File, Format Version 12.00
# Visual Studio Version 16
VisualStudioVersion = 16.0.28711.60
MinimumVisualStudioVersion = 10.0.40219.1
Project("{9A19103F-16F7-4668-BE54-9A1E7A4F7556}") = "wsweb2", "wsweb2\wsweb2.csproj", "{210CDBA3-0CD0-45B1-AC28-C2FA1A85BA2F}"
EndProject
Global
	GlobalSection(SolutionConfigurationPlatforms) = preSolution
		Debug|Any CPU = Debug|Any CPU
		Release|Any CPU = Release|Any CPU
	EndGlobalSection
	GlobalSection(ProjectConfigurationPlatforms) = postSolution
		{210CDBA3-0CD0-45B1-AC28-C2FA1A85BA2F}.Debug|Any CPU.ActiveCfg = Debug|Any CPU
		{210CDBA3-0CD0-45B1-AC28-C2FA1A85BA2F}.Debug|Any CPU.Build.0 = Debug|Any CPU
		{210CDBA3-0CD0-45B1-AC28-C2FA1A85BA2F}.Release|Any CPU.ActiveCfg = Release|Any CPU
		{210CDBA3-0CD0-45B1-AC28-C2FA1A85BA2F}.Release|Any CPU.Build.0 = Release|Any CPU
	EndGlobalSection
	GlobalSection(SolutionProperties) = preSolution
		HideSolutionNode = FALSE
	EndGlobalSection
	GlobalSection(ExtensibilityGlobals) = postSolution
		SolutionGuid = {960B372D-4461-4F1A-A44C-63C541AE6989}
	EndGlobalSection
EndGlobal
